
Microsoft Visual Studio Solution File, Format Version 12.00
# Visual Studio 15
VisualStudioVersion = 15.0.26430.13
MinimumVisualStudioVersion = 10.0.40219.1
Project("{FAE04EC0-301F-11D3-BF4B-00C04F79EFBC}") = "Server", "Server\Server.csproj", "{8A8019B2-742F-4565-AD0F-2D0F6D285288}"
EndProject
Global
	GlobalSection(SolutionConfigurationPlatforms) = preSolution
		Debug|Any CPU = Debug|Any CPU
		Release|Any CPU = Release|Any CPU
	EndGlobalSection
	GlobalSection(ProjectConfigurationPlatforms) = postSolution
		{8A8019B2-742F-4565-AD0F-2D0F6D285288}.Debug|Any CPU.ActiveCfg = Debug|Any CPU
		{8A8019B2-742F-4565-AD0F-2D0F6D285288}.Debug|Any CPU.Build.0 = Debug|Any CPU
		{8A8019B2-742F-4565-AD0F-2D0F6D285288}.Release|Any CPU.ActiveCfg = Release|Any CPU
		{8A8019B2-742F-4565-AD0F-2D0F6D285288}.Release|Any CPU.Build.0 = Release|Any CPU
	EndGlobalSection
	GlobalSection(SolutionProperties) = preSolution
		HideSolutionNode = FALSE
	EndGlobalSection
EndGlobal
